// !$*UTF8*$!
{
	archiveVersion = 1;
	classes = {
	};
	objectVersion = 46;
	objects = {

/* Begin PBXBuildFile section */
		2F2869EF1438CA770033CAD0 /* facebook.jpg in Resources */ = {isa = PBXBuildFile; fileRef = 2F2869EE1438CA770033CAD0 /* facebook.jpg */; };
		2F70531B1437DEFE0024E1EE /* 5.jpg in Resources */ = {isa = PBXBuildFile; fileRef = 2F7053151437DEFD0024E1EE /* 5.jpg */; };
		2F70531C1437DEFE0024E1EE /* 6.jpg in Resources */ = {isa = PBXBuildFile; fileRef = 2F7053161437DEFD0024E1EE /* 6.jpg */; };
		2F70531D1437DEFE0024E1EE /* 7.jpg in Resources */ = {isa = PBXBuildFile; fileRef = 2F7053171437DEFD0024E1EE /* 7.jpg */; };
		2F70531E1437DEFE0024E1EE /* 8.jpg in Resources */ = {isa = PBXBuildFile; fileRef = 2F7053181437DEFD0024E1EE /* 8.jpg */; };
		2F70531F1437DEFE0024E1EE /* 9.jpg in Resources */ = {isa = PBXBuildFile; fileRef = 2F7053191437DEFD0024E1EE /* 9.jpg */; };
		2F7053201437DEFE0024E1EE /* 10.jpg in Resources */ = {isa = PBXBuildFile; fileRef = 2F70531A1437DEFD0024E1EE /* 10.jpg */; };
		2F7053231437DF490024E1EE /* 0.jpg in Resources */ = {isa = PBXBuildFile; fileRef = 2F7053221437DF490024E1EE /* 0.jpg */; };
		2F7053271437F4EF0024E1EE /* icon_buddies.png in Resources */ = {isa = PBXBuildFile; fileRef = 2F7053241437F4EF0024E1EE /* icon_buddies.png */; };
		2F7053281437F4EF0024E1EE /* icon_profile.png in Resources */ = {isa = PBXBuildFile; fileRef = 2F7053251437F4EF0024E1EE /* icon_profile.png */; };
		2F7053291437F4EF0024E1EE /* icon_school.png in Resources */ = {isa = PBXBuildFile; fileRef = 2F7053261437F4EF0024E1EE /* icon_school.png */; };
		2F70532D143800E40024E1EE /* icon.png in Resources */ = {isa = PBXBuildFile; fileRef = 2F70532B143800E40024E1EE /* icon.png */; };
		2F70532E143800E40024E1EE /* icon@2x.png in Resources */ = {isa = PBXBuildFile; fileRef = 2F70532C143800E40024E1EE /* icon@2x.png */; };
		2F7053301438010D0024E1EE /* icon.png in Resources */ = {isa = PBXBuildFile; fileRef = 2F70532F1438010D0024E1EE /* icon.png */; };
		2F705332143801150024E1EE /* icon@2x.png in Resources */ = {isa = PBXBuildFile; fileRef = 2F705331143801150024E1EE /* icon@2x.png */; };
		2F70533E14381CB50024E1EE /* background.png in Resources */ = {isa = PBXBuildFile; fileRef = 2F70533D14381CB50024E1EE /* background.png */; };
		2F70534314381DAF0024E1EE /* Default.png in Resources */ = {isa = PBXBuildFile; fileRef = 2F70534114381DAF0024E1EE /* Default.png */; };
		2F70534414381DAF0024E1EE /* Default@2x.png in Resources */ = {isa = PBXBuildFile; fileRef = 2F70534214381DAF0024E1EE /* Default@2x.png */; };
		2FFAB196143792A600E5A003 /* UIKit.framework in Frameworks */ = {isa = PBXBuildFile; fileRef = 2FFAB195143792A600E5A003 /* UIKit.framework */; };
		2FFAB198143792A600E5A003 /* Foundation.framework in Frameworks */ = {isa = PBXBuildFile; fileRef = 2FFAB197143792A600E5A003 /* Foundation.framework */; };
		2FFAB19A143792A600E5A003 /* CoreGraphics.framework in Frameworks */ = {isa = PBXBuildFile; fileRef = 2FFAB199143792A600E5A003 /* CoreGraphics.framework */; };
		2FFAB1A0143792A600E5A003 /* InfoPlist.strings in Resources */ = {isa = PBXBuildFile; fileRef = 2FFAB19E143792A600E5A003 /* InfoPlist.strings */; };
		2FFAB1A2143792A600E5A003 /* main.m in Sources */ = {isa = PBXBuildFile; fileRef = 2FFAB1A1143792A600E5A003 /* main.m */; };
		2FFAB1A6143792A600E5A003 /* studdybuddyAppDelegate.m in Sources */ = {isa = PBXBuildFile; fileRef = 2FFAB1A5143792A600E5A003 /* studdybuddyAppDelegate.m */; };
		2FFAB1A9143792A600E5A003 /* MainWindow.xib in Resources */ = {isa = PBXBuildFile; fileRef = 2FFAB1A7143792A600E5A003 /* MainWindow.xib */; };
		2FFAB1B6143793AC00E5A003 /* ClassesViewController.m in Sources */ = {isa = PBXBuildFile; fileRef = 2FFAB1B5143793AC00E5A003 /* ClassesViewController.m */; };
		2FFAB1BC143796BB00E5A003 /* BuddiesViewController.m in Sources */ = {isa = PBXBuildFile; fileRef = 2FFAB1BB143796BB00E5A003 /* BuddiesViewController.m */; };
		2FFAB1C31437974500E5A003 /* ProfileViewController.m in Sources */ = {isa = PBXBuildFile; fileRef = 2FFAB1C11437974500E5A003 /* ProfileViewController.m */; };
		2FFAB1C41437974500E5A003 /* ProfileViewController.xib in Resources */ = {isa = PBXBuildFile; fileRef = 2FFAB1C21437974500E5A003 /* ProfileViewController.xib */; };
		2FFAB1C814379E3000E5A003 /* User.m in Sources */ = {isa = PBXBuildFile; fileRef = 2FFAB1C714379E3000E5A003 /* User.m */; };
		2FFAB1CB14379E6B00E5A003 /* Course.m in Sources */ = {isa = PBXBuildFile; fileRef = 2FFAB1CA14379E6B00E5A003 /* Course.m */; };
		2FFAB1CE1437A08000E5A003 /* Me.jpg in Resources */ = {isa = PBXBuildFile; fileRef = 2FFAB1CD1437A08000E5A003 /* Me.jpg */; };
		2FFAB1D21437A64300E5A003 /* StuddyBuddyServer.m in Sources */ = {isa = PBXBuildFile; fileRef = 2FFAB1D11437A64300E5A003 /* StuddyBuddyServer.m */; };
		2FFAB1D51437AD5A00E5A003 /* BuddyRequest.m in Sources */ = {isa = PBXBuildFile; fileRef = 2FFAB1D41437AD5A00E5A003 /* BuddyRequest.m */; };
		2FFAB1DA1437CD7400E5A003 /* JaneDoe.jpg in Resources */ = {isa = PBXBuildFile; fileRef = 2FFAB1D91437CD7400E5A003 /* JaneDoe.jpg */; };
		2FFAB1DF1437DD7700E5A003 /* 1.jpg in Resources */ = {isa = PBXBuildFile; fileRef = 2FFAB1DB1437DD7700E5A003 /* 1.jpg */; };
		2FFAB1E01437DD7700E5A003 /* 2.jpg in Resources */ = {isa = PBXBuildFile; fileRef = 2FFAB1DC1437DD7700E5A003 /* 2.jpg */; };
		2FFAB1E11437DD7700E5A003 /* 3.jpg in Resources */ = {isa = PBXBuildFile; fileRef = 2FFAB1DD1437DD7700E5A003 /* 3.jpg */; };
		2FFAB1E21437DD7700E5A003 /* 4.jpg in Resources */ = {isa = PBXBuildFile; fileRef = 2FFAB1DE1437DD7700E5A003 /* 4.jpg */; };
		2FFF37991438C4E700D1C09E /* UserInfoViewController.m in Sources */ = {isa = PBXBuildFile; fileRef = 2FFF37971438C4E700D1C09E /* UserInfoViewController.m */; };
		2FFF379A1438C4E700D1C09E /* UserInfoViewController.xib in Resources */ = {isa = PBXBuildFile; fileRef = 2FFF37981438C4E700D1C09E /* UserInfoViewController.xib */; };
/* End PBXBuildFile section */

/* Begin PBXFileReference section */
		2F2869EE1438CA770033CAD0 /* facebook.jpg */ = {isa = PBXFileReference; lastKnownFileType = image.jpeg; name = facebook.jpg; path = Images/facebook.jpg; sourceTree = "<group>"; };
		2F7053151437DEFD0024E1EE /* 5.jpg */ = {isa = PBXFileReference; lastKnownFileType = image.jpeg; name = 5.jpg; path = Images/5.jpg; sourceTree = "<group>"; };
		2F7053161437DEFD0024E1EE /* 6.jpg */ = {isa = PBXFileReference; lastKnownFileType = image.jpeg; name = 6.jpg; path = Images/6.jpg; sourceTree = "<group>"; };
		2F7053171437DEFD0024E1EE /* 7.jpg */ = {isa = PBXFileReference; lastKnownFileType = image.jpeg; name = 7.jpg; path = Images/7.jpg; sourceTree = "<group>"; };
		2F7053181437DEFD0024E1EE /* 8.jpg */ = {isa = PBXFileReference; lastKnownFileType = image.jpeg; name = 8.jpg; path = Images/8.jpg; sourceTree = "<group>"; };
		2F7053191437DEFD0024E1EE /* 9.jpg */ = {isa = PBXFileReference; lastKnownFileType = image.jpeg; name = 9.jpg; path = Images/9.jpg; sourceTree = "<group>"; };
		2F70531A1437DEFD0024E1EE /* 10.jpg */ = {isa = PBXFileReference; lastKnownFileType = image.jpeg; name = 10.jpg; path = Images/10.jpg; sourceTree = "<group>"; };
		2F7053221437DF490024E1EE /* 0.jpg */ = {isa = PBXFileReference; lastKnownFileType = image.jpeg; name = 0.jpg; path = Images/0.jpg; sourceTree = "<group>"; };
		2F7053241437F4EF0024E1EE /* icon_buddies.png */ = {isa = PBXFileReference; lastKnownFileType = image.png; name = icon_buddies.png; path = Images/icon_buddies.png; sourceTree = "<group>"; };
		2F7053251437F4EF0024E1EE /* icon_profile.png */ = {isa = PBXFileReference; lastKnownFileType = image.png; name = icon_profile.png; path = Images/icon_profile.png; sourceTree = "<group>"; };
		2F7053261437F4EF0024E1EE /* icon_school.png */ = {isa = PBXFileReference; lastKnownFileType = image.png; name = icon_school.png; path = Images/icon_school.png; sourceTree = "<group>"; };
		2F70532B143800E40024E1EE /* icon.png */ = {isa = PBXFileReference; lastKnownFileType = image.png; name = icon.png; path = Images/icon.png; sourceTree = "<group>"; };
		2F70532C143800E40024E1EE /* icon@2x.png */ = {isa = PBXFileReference; lastKnownFileType = image.png; name = "icon@2x.png"; path = "Images/icon@2x.png"; sourceTree = "<group>"; };
		2F70532F1438010D0024E1EE /* icon.png */ = {isa = PBXFileReference; lastKnownFileType = image.png; name = icon.png; path = ../icon.png; sourceTree = "<group>"; };
		2F705331143801150024E1EE /* icon@2x.png */ = {isa = PBXFileReference; lastKnownFileType = image.png; name = "icon@2x.png"; path = "../icon@2x.png"; sourceTree = "<group>"; };
		2F70533D14381CB50024E1EE /* background.png */ = {isa = PBXFileReference; lastKnownFileType = image.png; name = background.png; path = Images/background.png; sourceTree = "<group>"; };
		2F70534114381DAF0024E1EE /* Default.png */ = {isa = PBXFileReference; lastKnownFileType = image.png; name = Default.png; path = Images/Default.png; sourceTree = "<group>"; };
		2F70534214381DAF0024E1EE /* Default@2x.png */ = {isa = PBXFileReference; lastKnownFileType = image.png; name = "Default@2x.png"; path = "Images/Default@2x.png"; sourceTree = "<group>"; };
		2FFAB191143792A600E5A003 /* studdybuddy.app */ = {isa = PBXFileReference; explicitFileType = wrapper.application; includeInIndex = 0; path = studdybuddy.app; sourceTree = BUILT_PRODUCTS_DIR; };
		2FFAB195143792A600E5A003 /* UIKit.framework */ = {isa = PBXFileReference; lastKnownFileType = wrapper.framework; name = UIKit.framework; path = System/Library/Frameworks/UIKit.framework; sourceTree = SDKROOT; };
		2FFAB197143792A600E5A003 /* Foundation.framework */ = {isa = PBXFileReference; lastKnownFileType = wrapper.framework; name = Foundation.framework; path = System/Library/Frameworks/Foundation.framework; sourceTree = SDKROOT; };
		2FFAB199143792A600E5A003 /* CoreGraphics.framework */ = {isa = PBXFileReference; lastKnownFileType = wrapper.framework; name = CoreGraphics.framework; path = System/Library/Frameworks/CoreGraphics.framework; sourceTree = SDKROOT; };
		2FFAB19D143792A600E5A003 /* studdybuddy-Info.plist */ = {isa = PBXFileReference; lastKnownFileType = text.plist.xml; path = "studdybuddy-Info.plist"; sourceTree = "<group>"; };
		2FFAB19F143792A600E5A003 /* en */ = {isa = PBXFileReference; lastKnownFileType = text.plist.strings; name = en; path = en.lproj/InfoPlist.strings; sourceTree = "<group>"; };
		2FFAB1A1143792A600E5A003 /* main.m */ = {isa = PBXFileReference; lastKnownFileType = sourcecode.c.objc; path = main.m; sourceTree = "<group>"; };
		2FFAB1A3143792A600E5A003 /* studdybuddy-Prefix.pch */ = {isa = PBXFileReference; lastKnownFileType = sourcecode.c.h; path = "studdybuddy-Prefix.pch"; sourceTree = "<group>"; };
		2FFAB1A4143792A600E5A003 /* studdybuddyAppDelegate.h */ = {isa = PBXFileReference; lastKnownFileType = sourcecode.c.h; path = studdybuddyAppDelegate.h; sourceTree = "<group>"; };
		2FFAB1A5143792A600E5A003 /* studdybuddyAppDelegate.m */ = {isa = PBXFileReference; lastKnownFileType = sourcecode.c.objc; path = studdybuddyAppDelegate.m; sourceTree = "<group>"; };
		2FFAB1A8143792A600E5A003 /* en */ = {isa = PBXFileReference; lastKnownFileType = file.xib; name = en; path = en.lproj/MainWindow.xib; sourceTree = "<group>"; };
		2FFAB1B4143793AC00E5A003 /* ClassesViewController.h */ = {isa = PBXFileReference; fileEncoding = 4; lastKnownFileType = sourcecode.c.h; name = ClassesViewController.h; path = "View Controllers/ClassesViewController.h"; sourceTree = "<group>"; };
		2FFAB1B5143793AC00E5A003 /* ClassesViewController.m */ = {isa = PBXFileReference; fileEncoding = 4; lastKnownFileType = sourcecode.c.objc; name = ClassesViewController.m; path = "View Controllers/ClassesViewController.m"; sourceTree = "<group>"; };
		2FFAB1BA143796BB00E5A003 /* BuddiesViewController.h */ = {isa = PBXFileReference; fileEncoding = 4; lastKnownFileType = sourcecode.c.h; name = BuddiesViewController.h; path = "View Controllers/BuddiesViewController.h"; sourceTree = "<group>"; };
		2FFAB1BB143796BB00E5A003 /* BuddiesViewController.m */ = {isa = PBXFileReference; fileEncoding = 4; lastKnownFileType = sourcecode.c.objc; name = BuddiesViewController.m; path = "View Controllers/BuddiesViewController.m"; sourceTree = "<group>"; };
		2FFAB1C01437974500E5A003 /* ProfileViewController.h */ = {isa = PBXFileReference; fileEncoding = 4; lastKnownFileType = sourcecode.c.h; name = ProfileViewController.h; path = "View Controllers/ProfileViewController.h"; sourceTree = "<group>"; };
		2FFAB1C11437974500E5A003 /* ProfileViewController.m */ = {isa = PBXFileReference; fileEncoding = 4; lastKnownFileType = sourcecode.c.objc; name = ProfileViewController.m; path = "View Controllers/ProfileViewController.m"; sourceTree = "<group>"; };
		2FFAB1C21437974500E5A003 /* ProfileViewController.xib */ = {isa = PBXFileReference; fileEncoding = 4; lastKnownFileType = file.xib; name = ProfileViewController.xib; path = "View Controllers/ProfileViewController.xib"; sourceTree = "<group>"; };
		2FFAB1C614379E3000E5A003 /* User.h */ = {isa = PBXFileReference; fileEncoding = 4; lastKnownFileType = sourcecode.c.h; name = User.h; path = Models/User.h; sourceTree = "<group>"; };
		2FFAB1C714379E3000E5A003 /* User.m */ = {isa = PBXFileReference; fileEncoding = 4; lastKnownFileType = sourcecode.c.objc; name = User.m; path = Models/User.m; sourceTree = "<group>"; };
		2FFAB1C914379E6B00E5A003 /* Course.h */ = {isa = PBXFileReference; fileEncoding = 4; lastKnownFileType = sourcecode.c.h; name = Course.h; path = Models/Course.h; sourceTree = "<group>"; };
		2FFAB1CA14379E6B00E5A003 /* Course.m */ = {isa = PBXFileReference; fileEncoding = 4; lastKnownFileType = sourcecode.c.objc; name = Course.m; path = Models/Course.m; sourceTree = "<group>"; };
		2FFAB1CD1437A08000E5A003 /* Me.jpg */ = {isa = PBXFileReference; lastKnownFileType = image.jpeg; name = Me.jpg; path = Images/Me.jpg; sourceTree = "<group>"; };
		2FFAB1D01437A64300E5A003 /* StuddyBuddyServer.h */ = {isa = PBXFileReference; fileEncoding = 4; lastKnownFileType = sourcecode.c.h; name = StuddyBuddyServer.h; path = Server/StuddyBuddyServer.h; sourceTree = "<group>"; };
		2FFAB1D11437A64300E5A003 /* StuddyBuddyServer.m */ = {isa = PBXFileReference; fileEncoding = 4; lastKnownFileType = sourcecode.c.objc; name = StuddyBuddyServer.m; path = Server/StuddyBuddyServer.m; sourceTree = "<group>"; };
		2FFAB1D31437AD5A00E5A003 /* BuddyRequest.h */ = {isa = PBXFileReference; fileEncoding = 4; lastKnownFileType = sourcecode.c.h; name = BuddyRequest.h; path = Models/BuddyRequest.h; sourceTree = "<group>"; };
		2FFAB1D41437AD5A00E5A003 /* BuddyRequest.m */ = {isa = PBXFileReference; fileEncoding = 4; lastKnownFileType = sourcecode.c.objc; name = BuddyRequest.m; path = Models/BuddyRequest.m; sourceTree = "<group>"; };
		2FFAB1D91437CD7400E5A003 /* JaneDoe.jpg */ = {isa = PBXFileReference; lastKnownFileType = image.jpeg; name = JaneDoe.jpg; path = Images/JaneDoe.jpg; sourceTree = "<group>"; };
		2FFAB1DB1437DD7700E5A003 /* 1.jpg */ = {isa = PBXFileReference; lastKnownFileType = image.jpeg; name = 1.jpg; path = Images/1.jpg; sourceTree = "<group>"; };
		2FFAB1DC1437DD7700E5A003 /* 2.jpg */ = {isa = PBXFileReference; lastKnownFileType = image.jpeg; name = 2.jpg; path = Images/2.jpg; sourceTree = "<group>"; };
		2FFAB1DD1437DD7700E5A003 /* 3.jpg */ = {isa = PBXFileReference; lastKnownFileType = image.jpeg; name = 3.jpg; path = Images/3.jpg; sourceTree = "<group>"; };
		2FFAB1DE1437DD7700E5A003 /* 4.jpg */ = {isa = PBXFileReference; lastKnownFileType = image.jpeg; name = 4.jpg; path = Images/4.jpg; sourceTree = "<group>"; };
		2FFF37961438C4E700D1C09E /* UserInfoViewController.h */ = {isa = PBXFileReference; fileEncoding = 4; lastKnownFileType = sourcecode.c.h; name = UserInfoViewController.h; path = "View Controllers/UserInfoViewController.h"; sourceTree = "<group>"; };
		2FFF37971438C4E700D1C09E /* UserInfoViewController.m */ = {isa = PBXFileReference; fileEncoding = 4; lastKnownFileType = sourcecode.c.objc; name = UserInfoViewController.m; path = "View Controllers/UserInfoViewController.m"; sourceTree = "<group>"; };
		2FFF37981438C4E700D1C09E /* UserInfoViewController.xib */ = {isa = PBXFileReference; fileEncoding = 4; lastKnownFileType = file.xib; name = UserInfoViewController.xib; path = "View Controllers/UserInfoViewController.xib"; sourceTree = "<group>"; };
/* End PBXFileReference section */

/* Begin PBXFrameworksBuildPhase section */
		2FFAB18E143792A600E5A003 /* Frameworks */ = {
			isa = PBXFrameworksBuildPhase;
			buildActionMask = 2147483647;
			files = (
				2FFAB196143792A600E5A003 /* UIKit.framework in Frameworks */,
				2FFAB198143792A600E5A003 /* Foundation.framework in Frameworks */,
				2FFAB19A143792A600E5A003 /* CoreGraphics.framework in Frameworks */,
			);
			runOnlyForDeploymentPostprocessing = 0;
		};
/* End PBXFrameworksBuildPhase section */

/* Begin PBXGroup section */
		2F70532A143800C30024E1EE /* Icons and Backgrounds */ = {
			isa = PBXGroup;
			children = (
				2F705331143801150024E1EE /* icon@2x.png */,
				2F70532F1438010D0024E1EE /* icon.png */,
				2F70534114381DAF0024E1EE /* Default.png */,
				2F70534214381DAF0024E1EE /* Default@2x.png */,
				2F70533D14381CB50024E1EE /* background.png */,
				2F70532B143800E40024E1EE /* icon.png */,
				2F70532C143800E40024E1EE /* icon@2x.png */,
			);
			name = "Icons and Backgrounds";
			sourceTree = "<group>";
		};
		2FFAB186143792A600E5A003 = {
			isa = PBXGroup;
			children = (
				2FFAB19B143792A600E5A003 /* studdybuddy */,
				2FFAB194143792A600E5A003 /* Frameworks */,
				2FFAB192143792A600E5A003 /* Products */,
			);
			sourceTree = "<group>";
		};
		2FFAB192143792A600E5A003 /* Products */ = {
			isa = PBXGroup;
			children = (
				2FFAB191143792A600E5A003 /* studdybuddy.app */,
			);
			name = Products;
			sourceTree = "<group>";
		};
		2FFAB194143792A600E5A003 /* Frameworks */ = {
			isa = PBXGroup;
			children = (
				2FFAB195143792A600E5A003 /* UIKit.framework */,
				2FFAB197143792A600E5A003 /* Foundation.framework */,
				2FFAB199143792A600E5A003 /* CoreGraphics.framework */,
			);
			name = Frameworks;
			sourceTree = "<group>";
		};
		2FFAB19B143792A600E5A003 /* studdybuddy */ = {
			isa = PBXGroup;
			children = (
				2FFAB1D61437B51E00E5A003 /* Views */,
				2FFAB1CF1437A60E00E5A003 /* Server */,
				2FFAB1CC1437A03700E5A003 /* Images */,
				2FFAB1C514379DE300E5A003 /* Models */,
				2FFAB1B31437935000E5A003 /* View Controllers */,
				2FFAB1A4143792A600E5A003 /* studdybuddyAppDelegate.h */,
				2FFAB1A5143792A600E5A003 /* studdybuddyAppDelegate.m */,
				2FFAB1A7143792A600E5A003 /* MainWindow.xib */,
				2FFAB19C143792A600E5A003 /* Supporting Files */,
			);
			path = studdybuddy;
			sourceTree = "<group>";
		};
		2FFAB19C143792A600E5A003 /* Supporting Files */ = {
			isa = PBXGroup;
			children = (
				2FFAB19D143792A600E5A003 /* studdybuddy-Info.plist */,
				2FFAB19E143792A600E5A003 /* InfoPlist.strings */,
				2FFAB1A1143792A600E5A003 /* main.m */,
				2FFAB1A3143792A600E5A003 /* studdybuddy-Prefix.pch */,
			);
			name = "Supporting Files";
			sourceTree = "<group>";
		};
		2FFAB1B31437935000E5A003 /* View Controllers */ = {
			isa = PBXGroup;
			children = (
				2FFAB1B4143793AC00E5A003 /* ClassesViewController.h */,
				2FFAB1B5143793AC00E5A003 /* ClassesViewController.m */,
				2FFAB1BA143796BB00E5A003 /* BuddiesViewController.h */,
				2FFAB1BB143796BB00E5A003 /* BuddiesViewController.m */,
				2FFAB1C01437974500E5A003 /* ProfileViewController.h */,
				2FFAB1C11437974500E5A003 /* ProfileViewController.m */,
				2FFAB1C21437974500E5A003 /* ProfileViewController.xib */,
				2FFF37961438C4E700D1C09E /* UserInfoViewController.h */,
				2FFF37971438C4E700D1C09E /* UserInfoViewController.m */,
				2FFF37981438C4E700D1C09E /* UserInfoViewController.xib */,
			);
			name = "View Controllers";
			sourceTree = "<group>";
		};
		2FFAB1C514379DE300E5A003 /* Models */ = {
			isa = PBXGroup;
			children = (
				2FFAB1C614379E3000E5A003 /* User.h */,
				2FFAB1C714379E3000E5A003 /* User.m */,
				2FFAB1C914379E6B00E5A003 /* Course.h */,
				2FFAB1CA14379E6B00E5A003 /* Course.m */,
				2FFAB1D31437AD5A00E5A003 /* BuddyRequest.h */,
				2FFAB1D41437AD5A00E5A003 /* BuddyRequest.m */,
			);
			name = Models;
			sourceTree = "<group>";
		};
		2FFAB1CC1437A03700E5A003 /* Images */ = {
			isa = PBXGroup;
			children = (
				2F2869EE1438CA770033CAD0 /* facebook.jpg */,
				2F70532A143800C30024E1EE /* Icons and Backgrounds */,
				2F7053241437F4EF0024E1EE /* icon_buddies.png */,
				2F7053251437F4EF0024E1EE /* icon_profile.png */,
				2F7053261437F4EF0024E1EE /* icon_school.png */,
				2F7053221437DF490024E1EE /* 0.jpg */,
				2F7053151437DEFD0024E1EE /* 5.jpg */,
				2F7053161437DEFD0024E1EE /* 6.jpg */,
				2F7053171437DEFD0024E1EE /* 7.jpg */,
				2F7053181437DEFD0024E1EE /* 8.jpg */,
				2F7053191437DEFD0024E1EE /* 9.jpg */,
				2F70531A1437DEFD0024E1EE /* 10.jpg */,
				2FFAB1DB1437DD7700E5A003 /* 1.jpg */,
				2FFAB1DC1437DD7700E5A003 /* 2.jpg */,
				2FFAB1DD1437DD7700E5A003 /* 3.jpg */,
				2FFAB1DE1437DD7700E5A003 /* 4.jpg */,
				2FFAB1D91437CD7400E5A003 /* JaneDoe.jpg */,
				2FFAB1CD1437A08000E5A003 /* Me.jpg */,
			);
			name = Images;
			sourceTree = "<group>";
		};
		2FFAB1CF1437A60E00E5A003 /* Server */ = {
			isa = PBXGroup;
			children = (
				2FFAB1D01437A64300E5A003 /* StuddyBuddyServer.h */,
				2FFAB1D11437A64300E5A003 /* StuddyBuddyServer.m */,
			);
			name = Server;
			sourceTree = "<group>";
		};
		2FFAB1D61437B51E00E5A003 /* Views */ = {
			isa = PBXGroup;
			children = (
			);
			name = Views;
			sourceTree = "<group>";
		};
/* End PBXGroup section */

/* Begin PBXNativeTarget section */
		2FFAB190143792A600E5A003 /* studdybuddy */ = {
			isa = PBXNativeTarget;
			buildConfigurationList = 2FFAB1AC143792A600E5A003 /* Build configuration list for PBXNativeTarget "studdybuddy" */;
			buildPhases = (
				2FFAB18D143792A600E5A003 /* Sources */,
				2FFAB18E143792A600E5A003 /* Frameworks */,
				2FFAB18F143792A600E5A003 /* Resources */,
			);
			buildRules = (
			);
			dependencies = (
			);
			name = studdybuddy;
			productName = studdybuddy;
			productReference = 2FFAB191143792A600E5A003 /* studdybuddy.app */;
			productType = "com.apple.product-type.application";
		};
/* End PBXNativeTarget section */

/* Begin PBXProject section */
		2FFAB188143792A600E5A003 /* Project object */ = {
			isa = PBXProject;
			buildConfigurationList = 2FFAB18B143792A600E5A003 /* Build configuration list for PBXProject "studdybuddy" */;
			compatibilityVersion = "Xcode 3.2";
			developmentRegion = English;
			hasScannedForEncodings = 0;
			knownRegions = (
				en,
			);
			mainGroup = 2FFAB186143792A600E5A003;
			productRefGroup = 2FFAB192143792A600E5A003 /* Products */;
			projectDirPath = "";
			projectRoot = "";
			targets = (
				2FFAB190143792A600E5A003 /* studdybuddy */,
			);
		};
/* End PBXProject section */

/* Begin PBXResourcesBuildPhase section */
		2FFAB18F143792A600E5A003 /* Resources */ = {
			isa = PBXResourcesBuildPhase;
			buildActionMask = 2147483647;
			files = (
				2FFAB1A0143792A600E5A003 /* InfoPlist.strings in Resources */,
				2FFAB1A9143792A600E5A003 /* MainWindow.xib in Resources */,
				2FFAB1C41437974500E5A003 /* ProfileViewController.xib in Resources */,
				2FFAB1CE1437A08000E5A003 /* Me.jpg in Resources */,
				2FFAB1DA1437CD7400E5A003 /* JaneDoe.jpg in Resources */,
				2FFAB1DF1437DD7700E5A003 /* 1.jpg in Resources */,
				2FFAB1E01437DD7700E5A003 /* 2.jpg in Resources */,
				2FFAB1E11437DD7700E5A003 /* 3.jpg in Resources */,
				2FFAB1E21437DD7700E5A003 /* 4.jpg in Resources */,
				2F70531B1437DEFE0024E1EE /* 5.jpg in Resources */,
				2F70531C1437DEFE0024E1EE /* 6.jpg in Resources */,
				2F70531D1437DEFE0024E1EE /* 7.jpg in Resources */,
				2F70531E1437DEFE0024E1EE /* 8.jpg in Resources */,
				2F70531F1437DEFE0024E1EE /* 9.jpg in Resources */,
				2F7053201437DEFE0024E1EE /* 10.jpg in Resources */,
				2F7053231437DF490024E1EE /* 0.jpg in Resources */,
				2F7053271437F4EF0024E1EE /* icon_buddies.png in Resources */,
				2F7053281437F4EF0024E1EE /* icon_profile.png in Resources */,
				2F7053291437F4EF0024E1EE /* icon_school.png in Resources */,
				2F70532D143800E40024E1EE /* icon.png in Resources */,
				2F70532E143800E40024E1EE /* icon@2x.png in Resources */,
				2F7053301438010D0024E1EE /* icon.png in Resources */,
				2F705332143801150024E1EE /* icon@2x.png in Resources */,
				2F70533E14381CB50024E1EE /* background.png in Resources */,
				2F70534314381DAF0024E1EE /* Default.png in Resources */,
				2F70534414381DAF0024E1EE /* Default@2x.png in Resources */,
				2FFF379A1438C4E700D1C09E /* UserInfoViewController.xib in Resources */,
				2F2869EF1438CA770033CAD0 /* facebook.jpg in Resources */,
			);
			runOnlyForDeploymentPostprocessing = 0;
		};
/* End PBXResourcesBuildPhase section */

/* Begin PBXSourcesBuildPhase section */
		2FFAB18D143792A600E5A003 /* Sources */ = {
			isa = PBXSourcesBuildPhase;
			buildActionMask = 2147483647;
			files = (
				2FFAB1A2143792A600E5A003 /* main.m in Sources */,
				2FFAB1A6143792A600E5A003 /* studdybuddyAppDelegate.m in Sources */,
				2FFAB1B6143793AC00E5A003 /* ClassesViewController.m in Sources */,
				2FFAB1BC143796BB00E5A003 /* BuddiesViewController.m in Sources */,
				2FFAB1C31437974500E5A003 /* ProfileViewController.m in Sources */,
				2FFAB1C814379E3000E5A003 /* User.m in Sources */,
				2FFAB1CB14379E6B00E5A003 /* Course.m in Sources */,
				2FFAB1D21437A64300E5A003 /* StuddyBuddyServer.m in Sources */,
				2FFAB1D51437AD5A00E5A003 /* BuddyRequest.m in Sources */,
				2FFF37991438C4E700D1C09E /* UserInfoViewController.m in Sources */,
			);
			runOnlyForDeploymentPostprocessing = 0;
		};
/* End PBXSourcesBuildPhase section */

/* Begin PBXVariantGroup section */
		2FFAB19E143792A600E5A003 /* InfoPlist.strings */ = {
			isa = PBXVariantGroup;
			children = (
				2FFAB19F143792A600E5A003 /* en */,
			);
			name = InfoPlist.strings;
			sourceTree = "<group>";
		};
		2FFAB1A7143792A600E5A003 /* MainWindow.xib */ = {
			isa = PBXVariantGroup;
			children = (
				2FFAB1A8143792A600E5A003 /* en */,
			);
			name = MainWindow.xib;
			sourceTree = "<group>";
		};
/* End PBXVariantGroup section */

/* Begin XCBuildConfiguration section */
		2FFAB1AA143792A600E5A003 /* Debug */ = {
			isa = XCBuildConfiguration;
			buildSettings = {
				ALWAYS_SEARCH_USER_PATHS = NO;
				ARCHS = "$(ARCHS_STANDARD_32_BIT)";
				"CODE_SIGN_IDENTITY[sdk=iphoneos*]" = "iPhone Developer";
				COPY_PHASE_STRIP = NO;
				GCC_C_LANGUAGE_STANDARD = gnu99;
				GCC_DYNAMIC_NO_PIC = NO;
				GCC_OPTIMIZATION_LEVEL = 0;
				GCC_PREPROCESSOR_DEFINITIONS = (
					"DEBUG=1",
					"$(inherited)",
				);
				GCC_SYMBOLS_PRIVATE_EXTERN = NO;
				GCC_VERSION = com.apple.compilers.llvmgcc42;
				GCC_WARN_ABOUT_MISSING_PROTOTYPES = YES;
				GCC_WARN_ABOUT_RETURN_TYPE = YES;
				GCC_WARN_UNUSED_VARIABLE = YES;
				IPHONEOS_DEPLOYMENT_TARGET = 4.3;
				SDKROOT = iphoneos;
			};
			name = Debug;
		};
		2FFAB1AB143792A600E5A003 /* Release */ = {
			isa = XCBuildConfiguration;
			buildSettings = {
				ALWAYS_SEARCH_USER_PATHS = NO;
				ARCHS = "$(ARCHS_STANDARD_32_BIT)";
				"CODE_SIGN_IDENTITY[sdk=iphoneos*]" = "iPhone Developer";
				COPY_PHASE_STRIP = YES;
				GCC_C_LANGUAGE_STANDARD = gnu99;
				GCC_VERSION = com.apple.compilers.llvmgcc42;
				GCC_WARN_ABOUT_MISSING_PROTOTYPES = YES;
				GCC_WARN_ABOUT_RETURN_TYPE = YES;
				GCC_WARN_UNUSED_VARIABLE = YES;
				IPHONEOS_DEPLOYMENT_TARGET = 4.3;
				OTHER_CFLAGS = "-DNS_BLOCK_ASSERTIONS=1";
				SDKROOT = iphoneos;
				VALIDATE_PRODUCT = YES;
			};
			name = Release;
		};
		2FFAB1AD143792A600E5A003 /* Debug */ = {
			isa = XCBuildConfiguration;
			buildSettings = {
				GCC_PRECOMPILE_PREFIX_HEADER = YES;
				GCC_PREFIX_HEADER = "studdybuddy/studdybuddy-Prefix.pch";
				INFOPLIST_FILE = "studdybuddy/studdybuddy-Info.plist";
				PRODUCT_NAME = "$(TARGET_NAME)";
				WRAPPER_EXTENSION = app;
			};
			name = Debug;
		};
		2FFAB1AE143792A600E5A003 /* Release */ = {
			isa = XCBuildConfiguration;
			buildSettings = {
				GCC_PRECOMPILE_PREFIX_HEADER = YES;
				GCC_PREFIX_HEADER = "studdybuddy/studdybuddy-Prefix.pch";
				INFOPLIST_FILE = "studdybuddy/studdybuddy-Info.plist";
				PRODUCT_NAME = "$(TARGET_NAME)";
				WRAPPER_EXTENSION = app;
			};
			name = Release;
		};
/* End XCBuildConfiguration section */

/* Begin XCConfigurationList section */
		2FFAB18B143792A600E5A003 /* Build configuration list for PBXProject "studdybuddy" */ = {
			isa = XCConfigurationList;
			buildConfigurations = (
				2FFAB1AA143792A600E5A003 /* Debug */,
				2FFAB1AB143792A600E5A003 /* Release */,
			);
			defaultConfigurationIsVisible = 0;
			defaultConfigurationName = Release;
		};
		2FFAB1AC143792A600E5A003 /* Build configuration list for PBXNativeTarget "studdybuddy" */ = {
			isa = XCConfigurationList;
			buildConfigurations = (
				2FFAB1AD143792A600E5A003 /* Debug */,
				2FFAB1AE143792A600E5A003 /* Release */,
			);
			defaultConfigurationIsVisible = 0;
			defaultConfigurationName = Release;
		};
/* End XCConfigurationList section */
	};
	rootObject = 2FFAB188143792A600E5A003 /* Project object */;
}
